{
  "name": "oly-web-tests",
  "version": "1.0.0",
  "lockfileVersion": 2,
  "requires": true,
  "packages": {
    "": {
      "name": "oly-web-tests",
      "version": "1.0.0",
      "license": "MIT",
      "dependencies": {
        "@magnopus/com.magnopus.olympus.foundation.web": "^3.1.315"
      }
    },
    "node_modules/@magnopus/com.magnopus.olympus.foundation.web": {
      "name": "com.magnopus.olympus.foundation.web",
      "version": "3.16.1",
      "resolved": "https://npm.pkg.github.com/download/@magnopus/com.magnopus.olympus.foundation.web/3.16.1/eab15601d755c7d86d230fa4aee50b8a818f5242",
      "integrity": "sha512-FTLFfebIT4jxVfH3U7LOeQ3LIaMUFxWjSliF7eCjenuJe17TD5EtPEj3GQhAkz2voeiYOHLn2iSVkxsX9Lop8w==",
      "license": "UNLICENSED"
    }
  },
  "dependencies": {
    "@magnopus/com.magnopus.olympus.foundation.web": {
      "version": "npm:com.magnopus.olympus.foundation.web@3.16.1",
      "resolved": "https://npm.pkg.github.com/download/@magnopus/com.magnopus.olympus.foundation.web/3.16.1/eab15601d755c7d86d230fa4aee50b8a818f5242",
      "integrity": "sha512-FTLFfebIT4jxVfH3U7LOeQ3LIaMUFxWjSliF7eCjenuJe17TD5EtPEj3GQhAkz2voeiYOHLn2iSVkxsX9Lop8w=="
    }
  }
}
