{
  "name": "csp-web-tests",
  "version": "1.0.0",
  "lockfileVersion": 2,
  "requires": true,
  "packages": {
    "": {
      "name": "csp-web-tests",
      "version": "1.0.0",
      "license": "Apache-2.0",
      "dependencies": {
        "connected-spaces-platform.web": "4.11.2"
      }
    },
    "node_modules/connected-spaces-platform.web": {
      "version": "4.11.2",
      "resolved": "https://registry.npmjs.org/connected-spaces-platform.web/-/connected-spaces-platform.web-4.11.2.tgz",
      "integrity": "sha512-l28ewJ+FZGyOA36czSl+KoIIzHWxDAaqJnw0VUgJM2AbkqwMKmRz6cgbsTUF0IkfyySDcHJ4QgWVS10D0jzqXQ=="
    }
  },
  "dependencies": {
    "connected-spaces-platform.web": {
      "version": "4.11.2",
      "resolved": "https://registry.npmjs.org/connected-spaces-platform.web/-/connected-spaces-platform.web-4.11.2.tgz",
      "integrity": "sha512-l28ewJ+FZGyOA36czSl+KoIIzHWxDAaqJnw0VUgJM2AbkqwMKmRz6cgbsTUF0IkfyySDcHJ4QgWVS10D0jzqXQ=="
    }
  }
}
