{
  "name": "csp-web-tests",
  "version": "1.0.0",
  "lockfileVersion": 2,
  "requires": true,
  "packages": {
    "": {
      "name": "csp-web-tests",
      "version": "1.0.0",
      "license": "Apache-2.0",
      "dependencies": {
        "@magnopus-opensource/connected-spaces-platform.web": "4.5.1"
      }
    },
    "node_modules/@magnopus-opensource/connected-spaces-platform.web": {
      "name": "connected-spaces-platform.web",
      "version": "4.5.1",
      "resolved": "https://npm.pkg.github.com/download/@magnopus-opensource/connected-spaces-platform.web/4.5.1/28a11bcc0bc0d83e8cc5188bb660990499f9f792",
      "integrity": "sha512-4othIVMtdb/88njQ3zYw94OFH3KYSAQv+uf603O5LbRhnrl/T59K3okWekLKSwp5NXGLQLzUbWYBGhlmqeiL7g==",
      "license": "Apache-2.0"
    }
  },
  "dependencies": {
    "@magnopus-opensource/connected-spaces-platform.web": {
      "version": "npm:connected-spaces-platform.web@4.5.1",
      "resolved": "https://npm.pkg.github.com/download/@magnopus-opensource/connected-spaces-platform.web/4.5.1/28a11bcc0bc0d83e8cc5188bb660990499f9f792",
      "integrity": "sha512-4othIVMtdb/88njQ3zYw94OFH3KYSAQv+uf603O5LbRhnrl/T59K3okWekLKSwp5NXGLQLzUbWYBGhlmqeiL7g=="
    }
  }
}
